// !$*UTF8*$!
{
	archiveVersion = 1;
	classes = {
	};
	objectVersion = 50;
	objects = {

/* Begin PBXBuildFile section */
		CF7227EB247C83B0004A6FE8 /* ReelView.swift in Sources */ = {isa = PBXBuildFile; fileRef = CF7227EA247C83B0004A6FE8 /* ReelView.swift */; };
		CF884337247F2DC4001202BD /* InfoView.swift in Sources */ = {isa = PBXBuildFile; fileRef = CF884336247F2DC4001202BD /* InfoView.swift */; };
		CFBC48EB247B08550015FB43 /* AppDelegate.swift in Sources */ = {isa = PBXBuildFile; fileRef = CFBC48EA247B08550015FB43 /* AppDelegate.swift */; };
		CFBC48ED247B08550015FB43 /* SceneDelegate.swift in Sources */ = {isa = PBXBuildFile; fileRef = CFBC48EC247B08550015FB43 /* SceneDelegate.swift */; };
		CFBC48EF247B08550015FB43 /* ContentView.swift in Sources */ = {isa = PBXBuildFile; fileRef = CFBC48EE247B08550015FB43 /* ContentView.swift */; };
		CFBC48F1247B08560015FB43 /* Assets.xcassets in Resources */ = {isa = PBXBuildFile; fileRef = CFBC48F0247B08560015FB43 /* Assets.xcassets */; };
		CFBC48F4247B08560015FB43 /* Preview Assets.xcassets in Resources */ = {isa = PBXBuildFile; fileRef = CFBC48F3247B08560015FB43 /* Preview Assets.xcassets */; };
		CFBC48F7247B08560015FB43 /* LaunchScreen.storyboard in Resources */ = {isa = PBXBuildFile; fileRef = CFBC48F5247B08560015FB43 /* LaunchScreen.storyboard */; };
		CFBC4906247B0A7A0015FB43 /* background-music.mp3 in Resources */ = {isa = PBXBuildFile; fileRef = CFBC48FE247B0A7A0015FB43 /* background-music.mp3 */; };
		CFBC4907247B0A7A0015FB43 /* high-score.mp3 in Resources */ = {isa = PBXBuildFile; fileRef = CFBC48FF247B0A7A0015FB43 /* high-score.mp3 */; };
		CFBC4908247B0A7A0015FB43 /* riseup.mp3 in Resources */ = {isa = PBXBuildFile; fileRef = CFBC4900247B0A7A0015FB43 /* riseup.mp3 */; };
		CFBC4909247B0A7A0015FB43 /* game-over.mp3 in Resources */ = {isa = PBXBuildFile; fileRef = CFBC4901247B0A7A0015FB43 /* game-over.mp3 */; };
		CFBC490A247B0A7A0015FB43 /* casino-chips.mp3 in Resources */ = {isa = PBXBuildFile; fileRef = CFBC4902247B0A7A0015FB43 /* casino-chips.mp3 */; };
		CFBC490B247B0A7A0015FB43 /* spin.mp3 in Resources */ = {isa = PBXBuildFile; fileRef = CFBC4903247B0A7A0015FB43 /* spin.mp3 */; };
		CFBC490C247B0A7A0015FB43 /* win.mp3 in Resources */ = {isa = PBXBuildFile; fileRef = CFBC4904247B0A7A0015FB43 /* win.mp3 */; };
		CFBC490D247B0A7A0015FB43 /* chimeup.mp3 in Resources */ = {isa = PBXBuildFile; fileRef = CFBC4905247B0A7A0015FB43 /* chimeup.mp3 */; };
		CFBC4912247B10330015FB43 /* LogoView.swift in Sources */ = {isa = PBXBuildFile; fileRef = CFBC4911247B10330015FB43 /* LogoView.swift */; };
		CFBC4914247B152B0015FB43 /* Modifiers.swift in Sources */ = {isa = PBXBuildFile; fileRef = CFBC4913247B152B0015FB43 /* Modifiers.swift */; };
		CFBC4916247B1CB40015FB43 /* Extentions.swift in Sources */ = {isa = PBXBuildFile; fileRef = CFBC4915247B1CB40015FB43 /* Extentions.swift */; };
		CFC3E046248C34AA00DB5ED2 /* PlaySound.swift in Sources */ = {isa = PBXBuildFile; fileRef = CFC3E045248C34AA00DB5ED2 /* PlaySound.swift */; };
/* End PBXBuildFile section */

/* Begin PBXFileReference section */
		CF7227EA247C83B0004A6FE8 /* ReelView.swift */ = {isa = PBXFileReference; lastKnownFileType = sourcecode.swift; path = ReelView.swift; sourceTree = "<group>"; };
		CF884336247F2DC4001202BD /* InfoView.swift */ = {isa = PBXFileReference; lastKnownFileType = sourcecode.swift; path = InfoView.swift; sourceTree = "<group>"; };
		CFBC48E7247B08550015FB43 /* Slot Machine UI.app */ = {isa = PBXFileReference; explicitFileType = wrapper.application; includeInIndex = 0; path = "Slot Machine UI.app"; sourceTree = BUILT_PRODUCTS_DIR; };
		CFBC48EA247B08550015FB43 /* AppDelegate.swift */ = {isa = PBXFileReference; lastKnownFileType = sourcecode.swift; path = AppDelegate.swift; sourceTree = "<group>"; };
		CFBC48EC247B08550015FB43 /* SceneDelegate.swift */ = {isa = PBXFileReference; lastKnownFileType = sourcecode.swift; path = SceneDelegate.swift; sourceTree = "<group>"; };
		CFBC48EE247B08550015FB43 /* ContentView.swift */ = {isa = PBXFileReference; lastKnownFileType = sourcecode.swift; path = ContentView.swift; sourceTree = "<group>"; };
		CFBC48F0247B08560015FB43 /* Assets.xcassets */ = {isa = PBXFileReference; lastKnownFileType = folder.assetcatalog; path = Assets.xcassets; sourceTree = "<group>"; };
		CFBC48F3247B08560015FB43 /* Preview Assets.xcassets */ = {isa = PBXFileReference; lastKnownFileType = folder.assetcatalog; path = "Preview Assets.xcassets"; sourceTree = "<group>"; };
		CFBC48F6247B08560015FB43 /* Base */ = {isa = PBXFileReference; lastKnownFileType = file.storyboard; name = Base; path = Base.lproj/LaunchScreen.storyboard; sourceTree = "<group>"; };
		CFBC48F8247B08560015FB43 /* Info.plist */ = {isa = PBXFileReference; lastKnownFileType = text.plist.xml; path = Info.plist; sourceTree = "<group>"; };
		CFBC48FE247B0A7A0015FB43 /* background-music.mp3 */ = {isa = PBXFileReference; lastKnownFileType = audio.mp3; path = "background-music.mp3"; sourceTree = "<group>"; };
		CFBC48FF247B0A7A0015FB43 /* high-score.mp3 */ = {isa = PBXFileReference; lastKnownFileType = audio.mp3; path = "high-score.mp3"; sourceTree = "<group>"; };
		CFBC4900247B0A7A0015FB43 /* riseup.mp3 */ = {isa = PBXFileReference; lastKnownFileType = audio.mp3; path = riseup.mp3; sourceTree = "<group>"; };
		CFBC4901247B0A7A0015FB43 /* game-over.mp3 */ = {isa = PBXFileReference; lastKnownFileType = audio.mp3; path = "game-over.mp3"; sourceTree = "<group>"; };
		CFBC4902247B0A7A0015FB43 /* casino-chips.mp3 */ = {isa = PBXFileReference; lastKnownFileType = audio.mp3; path = "casino-chips.mp3"; sourceTree = "<group>"; };
		CFBC4903247B0A7A0015FB43 /* spin.mp3 */ = {isa = PBXFileReference; lastKnownFileType = audio.mp3; path = spin.mp3; sourceTree = "<group>"; };
		CFBC4904247B0A7A0015FB43 /* win.mp3 */ = {isa = PBXFileReference; lastKnownFileType = audio.mp3; path = win.mp3; sourceTree = "<group>"; };
		CFBC4905247B0A7A0015FB43 /* chimeup.mp3 */ = {isa = PBXFileReference; lastKnownFileType = audio.mp3; path = chimeup.mp3; sourceTree = "<group>"; };
		CFBC4911247B10330015FB43 /* LogoView.swift */ = {isa = PBXFileReference; lastKnownFileType = sourcecode.swift; path = LogoView.swift; sourceTree = "<group>"; };
		CFBC4913247B152B0015FB43 /* Modifiers.swift */ = {isa = PBXFileReference; lastKnownFileType = sourcecode.swift; path = Modifiers.swift; sourceTree = "<group>"; };
		CFBC4915247B1CB40015FB43 /* Extentions.swift */ = {isa = PBXFileReference; lastKnownFileType = sourcecode.swift; path = Extentions.swift; sourceTree = "<group>"; };
		CFC3E045248C34AA00DB5ED2 /* PlaySound.swift */ = {isa = PBXFileReference; lastKnownFileType = sourcecode.swift; path = PlaySound.swift; sourceTree = "<group>"; };
		CFC3E047248C47BA00DB5ED2 /* Slot Machine UI.entitlements */ = {isa = PBXFileReference; lastKnownFileType = text.plist.entitlements; path = "Slot Machine UI.entitlements"; sourceTree = "<group>"; };
/* End PBXFileReference section */

/* Begin PBXFrameworksBuildPhase section */
		CFBC48E4247B08550015FB43 /* Frameworks */ = {
			isa = PBXFrameworksBuildPhase;
			buildActionMask = 2147483647;
			files = (
			);
			runOnlyForDeploymentPostprocessing = 0;
		};
/* End PBXFrameworksBuildPhase section */

/* Begin PBXGroup section */
		CFBC48DE247B08540015FB43 = {
			isa = PBXGroup;
			children = (
				CFBC48E9247B08550015FB43 /* Slot Machine UI */,
				CFBC48E8247B08550015FB43 /* Products */,
			);
			sourceTree = "<group>";
		};
		CFBC48E8247B08550015FB43 /* Products */ = {
			isa = PBXGroup;
			children = (
				CFBC48E7247B08550015FB43 /* Slot Machine UI.app */,
			);
			name = Products;
			sourceTree = "<group>";
		};
		CFBC48E9247B08550015FB43 /* Slot Machine UI */ = {
			isa = PBXGroup;
			children = (
				CFC3E047248C47BA00DB5ED2 /* Slot Machine UI.entitlements */,
				CFBC4910247B0AB80015FB43 /* Views */,
				CFBC490F247B0AAF0015FB43 /* Helpers */,
				CFBC490E247B0A930015FB43 /* Sounds */,
				CFBC48EA247B08550015FB43 /* AppDelegate.swift */,
				CFBC48EC247B08550015FB43 /* SceneDelegate.swift */,
				CFBC48F0247B08560015FB43 /* Assets.xcassets */,
				CFBC48F5247B08560015FB43 /* LaunchScreen.storyboard */,
				CFBC48F8247B08560015FB43 /* Info.plist */,
				CFBC48F2247B08560015FB43 /* Preview Content */,
			);
			path = "Slot Machine UI";
			sourceTree = "<group>";
		};
		CFBC48F2247B08560015FB43 /* Preview Content */ = {
			isa = PBXGroup;
			children = (
				CFBC48F3247B08560015FB43 /* Preview Assets.xcassets */,
			);
			path = "Preview Content";
			sourceTree = "<group>";
		};
		CFBC490E247B0A930015FB43 /* Sounds */ = {
			isa = PBXGroup;
			children = (
				CFBC48FE247B0A7A0015FB43 /* background-music.mp3 */,
				CFBC4902247B0A7A0015FB43 /* casino-chips.mp3 */,
				CFBC4905247B0A7A0015FB43 /* chimeup.mp3 */,
				CFBC4901247B0A7A0015FB43 /* game-over.mp3 */,
				CFBC48FF247B0A7A0015FB43 /* high-score.mp3 */,
				CFBC4900247B0A7A0015FB43 /* riseup.mp3 */,
				CFBC4903247B0A7A0015FB43 /* spin.mp3 */,
				CFBC4904247B0A7A0015FB43 /* win.mp3 */,
			);
			path = Sounds;
			sourceTree = "<group>";
		};
		CFBC490F247B0AAF0015FB43 /* Helpers */ = {
			isa = PBXGroup;
			children = (
				CFBC4913247B152B0015FB43 /* Modifiers.swift */,
				CFBC4915247B1CB40015FB43 /* Extentions.swift */,
				CFC3E045248C34AA00DB5ED2 /* PlaySound.swift */,
			);
			path = Helpers;
			sourceTree = "<group>";
		};
		CFBC4910247B0AB80015FB43 /* Views */ = {
			isa = PBXGroup;
			children = (
				CFBC48EE247B08550015FB43 /* ContentView.swift */,
				CFBC4911247B10330015FB43 /* LogoView.swift */,
				CF7227EA247C83B0004A6FE8 /* ReelView.swift */,
				CF884336247F2DC4001202BD /* InfoView.swift */,
			);
			path = Views;
			sourceTree = "<group>";
		};
/* End PBXGroup section */

/* Begin PBXNativeTarget section */
		CFBC48E6247B08550015FB43 /* Slot Machine UI */ = {
			isa = PBXNativeTarget;
			buildConfigurationList = CFBC48FB247B08560015FB43 /* Build configuration list for PBXNativeTarget "Slot Machine UI" */;
			buildPhases = (
				CFBC48E3247B08550015FB43 /* Sources */,
				CFBC48E4247B08550015FB43 /* Frameworks */,
				CFBC48E5247B08550015FB43 /* Resources */,
			);
			buildRules = (
			);
			dependencies = (
			);
			name = "Slot Machine UI";
			productName = "Slot Machine UI";
			productReference = CFBC48E7247B08550015FB43 /* Slot Machine UI.app */;
			productType = "com.apple.product-type.application";
		};
/* End PBXNativeTarget section */

/* Begin PBXProject section */
		CFBC48DF247B08540015FB43 /* Project object */ = {
			isa = PBXProject;
			attributes = {
				LastSwiftUpdateCheck = 1150;
				LastUpgradeCheck = 1150;
				ORGANIZATIONNAME = Pozolx;
				TargetAttributes = {
					CFBC48E6247B08550015FB43 = {
						CreatedOnToolsVersion = 11.5;
					};
				};
			};
			buildConfigurationList = CFBC48E2247B08540015FB43 /* Build configuration list for PBXProject "Slot Machine UI" */;
			compatibilityVersion = "Xcode 9.3";
			developmentRegion = en;
			hasScannedForEncodings = 0;
			knownRegions = (
				en,
				Base,
			);
			mainGroup = CFBC48DE247B08540015FB43;
			productRefGroup = CFBC48E8247B08550015FB43 /* Products */;
			projectDirPath = "";
			projectRoot = "";
			targets = (
				CFBC48E6247B08550015FB43 /* Slot Machine UI */,
			);
		};
/* End PBXProject section */

/* Begin PBXResourcesBuildPhase section */
		CFBC48E5247B08550015FB43 /* Resources */ = {
			isa = PBXResourcesBuildPhase;
			buildActionMask = 2147483647;
			files = (
				CFBC4908247B0A7A0015FB43 /* riseup.mp3 in Resources */,
				CFBC4907247B0A7A0015FB43 /* high-score.mp3 in Resources */,
				CFBC490B247B0A7A0015FB43 /* spin.mp3 in Resources */,
				CFBC4906247B0A7A0015FB43 /* background-music.mp3 in Resources */,
				CFBC48F7247B08560015FB43 /* LaunchScreen.storyboard in Resources */,
				CFBC490C247B0A7A0015FB43 /* win.mp3 in Resources */,
				CFBC4909247B0A7A0015FB43 /* game-over.mp3 in Resources */,
				CFBC48F4247B08560015FB43 /* Preview Assets.xcassets in Resources */,
				CFBC48F1247B08560015FB43 /* Assets.xcassets in Resources */,
				CFBC490D247B0A7A0015FB43 /* chimeup.mp3 in Resources */,
				CFBC490A247B0A7A0015FB43 /* casino-chips.mp3 in Resources */,
			);
			runOnlyForDeploymentPostprocessing = 0;
		};
/* End PBXResourcesBuildPhase section */

/* Begin PBXSourcesBuildPhase section */
		CFBC48E3247B08550015FB43 /* Sources */ = {
			isa = PBXSourcesBuildPhase;
			buildActionMask = 2147483647;
			files = (
				CF884337247F2DC4001202BD /* InfoView.swift in Sources */,
				CFC3E046248C34AA00DB5ED2 /* PlaySound.swift in Sources */,
				CFBC48EB247B08550015FB43 /* AppDelegate.swift in Sources */,
				CFBC4912247B10330015FB43 /* LogoView.swift in Sources */,
				CFBC4916247B1CB40015FB43 /* Extentions.swift in Sources */,
				CFBC48ED247B08550015FB43 /* SceneDelegate.swift in Sources */,
				CF7227EB247C83B0004A6FE8 /* ReelView.swift in Sources */,
				CFBC48EF247B08550015FB43 /* ContentView.swift in Sources */,
				CFBC4914247B152B0015FB43 /* Modifiers.swift in Sources */,
			);
			runOnlyForDeploymentPostprocessing = 0;
		};
/* End PBXSourcesBuildPhase section */

/* Begin PBXVariantGroup section */
		CFBC48F5247B08560015FB43 /* LaunchScreen.storyboard */ = {
			isa = PBXVariantGroup;
			children = (
				CFBC48F6247B08560015FB43 /* Base */,
			);
			name = LaunchScreen.storyboard;
			sourceTree = "<group>";
		};
/* End PBXVariantGroup section */

/* Begin XCBuildConfiguration section */
		CFBC48F9247B08560015FB43 /* Debug */ = {
			isa = XCBuildConfiguration;
			buildSettings = {
				ALWAYS_SEARCH_USER_PATHS = NO;
				CLANG_ANALYZER_NONNULL = YES;
				CLANG_ANALYZER_NUMBER_OBJECT_CONVERSION = YES_AGGRESSIVE;
				CLANG_CXX_LANGUAGE_STANDARD = "gnu++14";
				CLANG_CXX_LIBRARY = "libc++";
				CLANG_ENABLE_MODULES = YES;
				CLANG_ENABLE_OBJC_ARC = YES;
				CLANG_ENABLE_OBJC_WEAK = YES;
				CLANG_WARN_BLOCK_CAPTURE_AUTORELEASING = YES;
				CLANG_WARN_BOOL_CONVERSION = YES;
				CLANG_WARN_COMMA = YES;
				CLANG_WARN_CONSTANT_CONVERSION = YES;
				CLANG_WARN_DEPRECATED_OBJC_IMPLEMENTATIONS = YES;
				CLANG_WARN_DIRECT_OBJC_ISA_USAGE = YES_ERROR;
				CLANG_WARN_DOCUMENTATION_COMMENTS = YES;
				CLANG_WARN_EMPTY_BODY = YES;
				CLANG_WARN_ENUM_CONVERSION = YES;
				CLANG_WARN_INFINITE_RECURSION = YES;
				CLANG_WARN_INT_CONVERSION = YES;
				CLANG_WARN_NON_LITERAL_NULL_CONVERSION = YES;
				CLANG_WARN_OBJC_IMPLICIT_RETAIN_SELF = YES;
				CLANG_WARN_OBJC_LITERAL_CONVERSION = YES;
				CLANG_WARN_OBJC_ROOT_CLASS = YES_ERROR;
				CLANG_WARN_RANGE_LOOP_ANALYSIS = YES;
				CLANG_WARN_STRICT_PROTOTYPES = YES;
				CLANG_WARN_SUSPICIOUS_MOVE = YES;
				CLANG_WARN_UNGUARDED_AVAILABILITY = YES_AGGRESSIVE;
				CLANG_WARN_UNREACHABLE_CODE = YES;
				CLANG_WARN__DUPLICATE_METHOD_MATCH = YES;
				COPY_PHASE_STRIP = NO;
				DEBUG_INFORMATION_FORMAT = dwarf;
				ENABLE_STRICT_OBJC_MSGSEND = YES;
				ENABLE_TESTABILITY = YES;
				GCC_C_LANGUAGE_STANDARD = gnu11;
				GCC_DYNAMIC_NO_PIC = NO;
				GCC_NO_COMMON_BLOCKS = YES;
				GCC_OPTIMIZATION_LEVEL = 0;
				GCC_PREPROCESSOR_DEFINITIONS = (
					"DEBUG=1",
					"$(inherited)",
				);
				GCC_WARN_64_TO_32_BIT_CONVERSION = YES;
				GCC_WARN_ABOUT_RETURN_TYPE = YES_ERROR;
				GCC_WARN_UNDECLARED_SELECTOR = YES;
				GCC_WARN_UNINITIALIZED_AUTOS = YES_AGGRESSIVE;
				GCC_WARN_UNUSED_FUNCTION = YES;
				GCC_WARN_UNUSED_VARIABLE = YES;
				IPHONEOS_DEPLOYMENT_TARGET = 13.5;
				MTL_ENABLE_DEBUG_INFO = INCLUDE_SOURCE;
				MTL_FAST_MATH = YES;
				ONLY_ACTIVE_ARCH = YES;
				SDKROOT = iphoneos;
				SWIFT_ACTIVE_COMPILATION_CONDITIONS = DEBUG;
				SWIFT_OPTIMIZATION_LEVEL = "-Onone";
			};
			name = Debug;
		};
		CFBC48FA247B08560015FB43 /* Release */ = {
			isa = XCBuildConfiguration;
			buildSettings = {
				ALWAYS_SEARCH_USER_PATHS = NO;
				CLANG_ANALYZER_NONNULL = YES;
				CLANG_ANALYZER_NUMBER_OBJECT_CONVERSION = YES_AGGRESSIVE;
				CLANG_CXX_LANGUAGE_STANDARD = "gnu++14";
				CLANG_CXX_LIBRARY = "libc++";
				CLANG_ENABLE_MODULES = YES;
				CLANG_ENABLE_OBJC_ARC = YES;
				CLANG_ENABLE_OBJC_WEAK = YES;
				CLANG_WARN_BLOCK_CAPTURE_AUTORELEASING = YES;
				CLANG_WARN_BOOL_CONVERSION = YES;
				CLANG_WARN_COMMA = YES;
				CLANG_WARN_CONSTANT_CONVERSION = YES;
				CLANG_WARN_DEPRECATED_OBJC_IMPLEMENTATIONS = YES;
				CLANG_WARN_DIRECT_OBJC_ISA_USAGE = YES_ERROR;
				CLANG_WARN_DOCUMENTATION_COMMENTS = YES;
				CLANG_WARN_EMPTY_BODY = YES;
				CLANG_WARN_ENUM_CONVERSION = YES;
				CLANG_WARN_INFINITE_RECURSION = YES;
				CLANG_WARN_INT_CONVERSION = YES;
				CLANG_WARN_NON_LITERAL_NULL_CONVERSION = YES;
				CLANG_WARN_OBJC_IMPLICIT_RETAIN_SELF = YES;
				CLANG_WARN_OBJC_LITERAL_CONVERSION = YES;
				CLANG_WARN_OBJC_ROOT_CLASS = YES_ERROR;
				CLANG_WARN_RANGE_LOOP_ANALYSIS = YES;
				CLANG_WARN_STRICT_PROTOTYPES = YES;
				CLANG_WARN_SUSPICIOUS_MOVE = YES;
				CLANG_WARN_UNGUARDED_AVAILABILITY = YES_AGGRESSIVE;
				CLANG_WARN_UNREACHABLE_CODE = YES;
				CLANG_WARN__DUPLICATE_METHOD_MATCH = YES;
				COPY_PHASE_STRIP = NO;
				DEBUG_INFORMATION_FORMAT = "dwarf-with-dsym";
				ENABLE_NS_ASSERTIONS = NO;
				ENABLE_STRICT_OBJC_MSGSEND = YES;
				GCC_C_LANGUAGE_STANDARD = gnu11;
				GCC_NO_COMMON_BLOCKS = YES;
				GCC_WARN_64_TO_32_BIT_CONVERSION = YES;
				GCC_WARN_ABOUT_RETURN_TYPE = YES_ERROR;
				GCC_WARN_UNDECLARED_SELECTOR = YES;
				GCC_WARN_UNINITIALIZED_AUTOS = YES_AGGRESSIVE;
				GCC_WARN_UNUSED_FUNCTION = YES;
				GCC_WARN_UNUSED_VARIABLE = YES;
				IPHONEOS_DEPLOYMENT_TARGET = 13.5;
				MTL_ENABLE_DEBUG_INFO = NO;
				MTL_FAST_MATH = YES;
				SDKROOT = iphoneos;
				SWIFT_COMPILATION_MODE = wholemodule;
				SWIFT_OPTIMIZATION_LEVEL = "-O";
				VALIDATE_PRODUCT = YES;
			};
			name = Release;
		};
		CFBC48FC247B08560015FB43 /* Debug */ = {
			isa = XCBuildConfiguration;
			buildSettings = {
				ASSETCATALOG_COMPILER_APPICON_NAME = AppIcon;
				CODE_SIGN_ENTITLEMENTS = "Slot Machine UI/Slot Machine UI.entitlements";
				CODE_SIGN_STYLE = Automatic;
				DEVELOPMENT_ASSET_PATHS = "\"Slot Machine UI/Preview Content\"";
				DEVELOPMENT_TEAM = TNSM43P2F3;
				ENABLE_PREVIEWS = YES;
				INFOPLIST_FILE = "Slot Machine UI/Info.plist";
				LD_RUNPATH_SEARCH_PATHS = (
					"$(inherited)",
					"@executable_path/Frameworks",
				);
				PRODUCT_BUNDLE_IDENTIFIER = "com.javiercueto.Slot-Machine-UI";
				PRODUCT_NAME = "$(TARGET_NAME)";
				SUPPORTS_MACCATALYST = YES;
				SWIFT_VERSION = 5.0;
				TARGETED_DEVICE_FAMILY = "1,2";
			};
			name = Debug;
		};
		CFBC48FD247B08560015FB43 /* Release */ = {
			isa = XCBuildConfiguration;
			buildSettings = {
				ASSETCATALOG_COMPILER_APPICON_NAME = AppIcon;
				CODE_SIGN_ENTITLEMENTS = "Slot Machine UI/Slot Machine UI.entitlements";
				CODE_SIGN_STYLE = Automatic;
				DEVELOPMENT_ASSET_PATHS = "\"Slot Machine UI/Preview Content\"";
				DEVELOPMENT_TEAM = TNSM43P2F3;
				ENABLE_PREVIEWS = YES;
				INFOPLIST_FILE = "Slot Machine UI/Info.plist";
				LD_RUNPATH_SEARCH_PATHS = (
					"$(inherited)",
					"@executable_path/Frameworks",
				);
				PRODUCT_BUNDLE_IDENTIFIER = "com.javiercueto.Slot-Machine-UI";
				PRODUCT_NAME = "$(TARGET_NAME)";
				SUPPORTS_MACCATALYST = YES;
				SWIFT_VERSION = 5.0;
				TARGETED_DEVICE_FAMILY = "1,2";
			};
			name = Release;
		};
/* End XCBuildConfiguration section */

/* Begin XCConfigurationList section */
		CFBC48E2247B08540015FB43 /* Build configuration list for PBXProject "Slot Machine UI" */ = {
			isa = XCConfigurationList;
			buildConfigurations = (
				CFBC48F9247B08560015FB43 /* Debug */,
				CFBC48FA247B08560015FB43 /* Release */,
			);
			defaultConfigurationIsVisible = 0;
			defaultConfigurationName = Release;
		};
		CFBC48FB247B08560015FB43 /* Build configuration list for PBXNativeTarget "Slot Machine UI" */ = {
			isa = XCConfigurationList;
			buildConfigurations = (
				CFBC48FC247B08560015FB43 /* Debug */,
				CFBC48FD247B08560015FB43 /* Release */,
			);
			defaultConfigurationIsVisible = 0;
			defaultConfigurationName = Release;
		};
/* End XCConfigurationList section */
	};
	rootObject = CFBC48DF247B08540015FB43 /* Project object */;
}
